
Microsoft Visual Studio Solution File, Format Version 12.00
# Visual Studio Version 17
VisualStudioVersion = 17.7.34202.233
MinimumVisualStudioVersion = 10.0.40219.1
Project("{FAE04EC0-301F-11D3-BF4B-00C04F79EFBC}") = "Superheroes", "Superheroes\Superheroes.csproj", "{BABFAA31-3A48-49AE-A3E6-B305B112467F}"
EndProject
Global
	GlobalSection(SolutionConfigurationPlatforms) = preSolution
		Debug|Any CPU = Debug|Any CPU
		Release|Any CPU = Release|Any CPU
	EndGlobalSection
	GlobalSection(ProjectConfigurationPlatforms) = postSolution
		{BABFAA31-3A48-49AE-A3E6-B305B112467F}.Debug|Any CPU.ActiveCfg = Debug|Any CPU
		{BABFAA31-3A48-49AE-A3E6-B305B112467F}.Debug|Any CPU.Build.0 = Debug|Any CPU
		{BABFAA31-3A48-49AE-A3E6-B305B112467F}.Release|Any CPU.ActiveCfg = Release|Any CPU
		{BABFAA31-3A48-49AE-A3E6-B305B112467F}.Release|Any CPU.Build.0 = Release|Any CPU
	EndGlobalSection
	GlobalSection(SolutionProperties) = preSolution
		HideSolutionNode = FALSE
	EndGlobalSection
	GlobalSection(ExtensibilityGlobals) = postSolution
		SolutionGuid = {13B5F117-47A8-41A9-B8E4-D4AF90A2CEF0}
	EndGlobalSection
EndGlobal
